
Microsoft Visual Studio Solution File, Format Version 12.00
# Visual Studio Version 16
VisualStudioVersion = 16.0.30011.22
MinimumVisualStudioVersion = 10.0.40219.1
Project("{FAE04EC0-301F-11D3-BF4B-00C04F79EFBC}") = "empty-form-demo", "empty-form-demo.csproj", "{EFB56DB2-08FB-4455-802F-92BDBE87EF41}"
EndProject
Global
	GlobalSection(SolutionConfigurationPlatforms) = preSolution
		Debug|Any CPU = Debug|Any CPU
		Release|Any CPU = Release|Any CPU
	EndGlobalSection
	GlobalSection(ProjectConfigurationPlatforms) = postSolution
		{EFB56DB2-08FB-4455-802F-92BDBE87EF41}.Debug|Any CPU.ActiveCfg = Debug|Any CPU
		{EFB56DB2-08FB-4455-802F-92BDBE87EF41}.Debug|Any CPU.Build.0 = Debug|Any CPU
		{EFB56DB2-08FB-4455-802F-92BDBE87EF41}.Release|Any CPU.ActiveCfg = Release|Any CPU
		{EFB56DB2-08FB-4455-802F-92BDBE87EF41}.Release|Any CPU.Build.0 = Release|Any CPU
	EndGlobalSection
	GlobalSection(SolutionProperties) = preSolution
		HideSolutionNode = FALSE
	EndGlobalSection
	GlobalSection(ExtensibilityGlobals) = postSolution
		SolutionGuid = {7AD484B4-DABF-48A8-B9F2-AC2E8A5278A0}
	EndGlobalSection
EndGlobal
